
Microsoft Visual Studio Solution File, Format Version 12.00
# Visual Studio 15
Project("{FAE04EC0-301F-11D3-BF4B-00C04F79EFBC}") = "Assembly-CSharp", "Assembly-CSharp.csproj", "{AFBDEB0E-33A0-3E5A-12D6-04FBDD7A4169}"
EndProject
Project("{FAE04EC0-301F-11D3-BF4B-00C04F79EFBC}") = "Boxophobic.Utils.Scripts", "Boxophobic.Utils.Scripts.csproj", "{C67552EA-85AA-611F-82FA-4F4A194D2FDE}"
EndProject
Project("{FAE04EC0-301F-11D3-BF4B-00C04F79EFBC}") = "DOTween.Modules", "DOTween.Modules.csproj", "{408721B6-CAC1-8BEE-11C6-C36BBB6D345D}"
EndProject
Project("{FAE04EC0-301F-11D3-BF4B-00C04F79EFBC}") = "Boxophobic.Utils.Editor", "Boxophobic.Utils.Editor.csproj", "{8B3F785C-8A97-E70B-83B9-0177E6426959}"
EndProject
Project("{FAE04EC0-301F-11D3-BF4B-00C04F79EFBC}") = "Boxophobic.SkyboxCubemapExtended.Editor", "Boxophobic.SkyboxCubemapExtended.Editor.csproj", "{AAB49CB4-B174-0F10-66A0-612889AA2F6D}"
EndProject
Project("{FAE04EC0-301F-11D3-BF4B-00C04F79EFBC}") = "Assembly-CSharp-Editor", "Assembly-CSharp-Editor.csproj", "{B4234F68-7B0A-F010-37AD-2B93D3291ADD}"
EndProject
Global
	GlobalSection(SolutionConfigurationPlatforms) = preSolution
		Debug|Any CPU = Debug|Any CPU
		Release|Any CPU = Release|Any CPU
	EndGlobalSection
	GlobalSection(ProjectConfigurationPlatforms) = postSolution
		{AFBDEB0E-33A0-3E5A-12D6-04FBDD7A4169}.Debug|Any CPU.ActiveCfg = Debug|Any CPU
		{AFBDEB0E-33A0-3E5A-12D6-04FBDD7A4169}.Debug|Any CPU.Build.0 = Debug|Any CPU
		{AFBDEB0E-33A0-3E5A-12D6-04FBDD7A4169}.Release|Any CPU.ActiveCfg = Release|Any CPU
		{AFBDEB0E-33A0-3E5A-12D6-04FBDD7A4169}.Release|Any CPU.Build.0 = Release|Any CPU
		{C67552EA-85AA-611F-82FA-4F4A194D2FDE}.Debug|Any CPU.ActiveCfg = Debug|Any CPU
		{C67552EA-85AA-611F-82FA-4F4A194D2FDE}.Debug|Any CPU.Build.0 = Debug|Any CPU
		{C67552EA-85AA-611F-82FA-4F4A194D2FDE}.Release|Any CPU.ActiveCfg = Release|Any CPU
		{C67552EA-85AA-611F-82FA-4F4A194D2FDE}.Release|Any CPU.Build.0 = Release|Any CPU
		{408721B6-CAC1-8BEE-11C6-C36BBB6D345D}.Debug|Any CPU.ActiveCfg = Debug|Any CPU
		{408721B6-CAC1-8BEE-11C6-C36BBB6D345D}.Debug|Any CPU.Build.0 = Debug|Any CPU
		{408721B6-CAC1-8BEE-11C6-C36BBB6D345D}.Release|Any CPU.ActiveCfg = Release|Any CPU
		{408721B6-CAC1-8BEE-11C6-C36BBB6D345D}.Release|Any CPU.Build.0 = Release|Any CPU
		{8B3F785C-8A97-E70B-83B9-0177E6426959}.Debug|Any CPU.ActiveCfg = Debug|Any CPU
		{8B3F785C-8A97-E70B-83B9-0177E6426959}.Debug|Any CPU.Build.0 = Debug|Any CPU
		{8B3F785C-8A97-E70B-83B9-0177E6426959}.Release|Any CPU.ActiveCfg = Release|Any CPU
		{8B3F785C-8A97-E70B-83B9-0177E6426959}.Release|Any CPU.Build.0 = Release|Any CPU
		{AAB49CB4-B174-0F10-66A0-612889AA2F6D}.Debug|Any CPU.ActiveCfg = Debug|Any CPU
		{AAB49CB4-B174-0F10-66A0-612889AA2F6D}.Debug|Any CPU.Build.0 = Debug|Any CPU
		{AAB49CB4-B174-0F10-66A0-612889AA2F6D}.Release|Any CPU.ActiveCfg = Release|Any CPU
		{AAB49CB4-B174-0F10-66A0-612889AA2F6D}.Release|Any CPU.Build.0 = Release|Any CPU
		{B4234F68-7B0A-F010-37AD-2B93D3291ADD}.Debug|Any CPU.ActiveCfg = Debug|Any CPU
		{B4234F68-7B0A-F010-37AD-2B93D3291ADD}.Debug|Any CPU.Build.0 = Debug|Any CPU
		{B4234F68-7B0A-F010-37AD-2B93D3291ADD}.Release|Any CPU.ActiveCfg = Release|Any CPU
		{B4234F68-7B0A-F010-37AD-2B93D3291ADD}.Release|Any CPU.Build.0 = Release|Any CPU
	EndGlobalSection
	GlobalSection(SolutionProperties) = preSolution
		HideSolutionNode = FALSE
	EndGlobalSection
EndGlobal
